
Microsoft Visual Studio Solution File, Format Version 12.00
# Visual Studio Version 17
VisualStudioVersion = 17.7.34031.279
MinimumVisualStudioVersion = 10.0.40219.1
Project("{FAE04EC0-301F-11D3-BF4B-00C04F79EFBC}") = "Implicit", "Implicit\Implicit.csproj", "{146A9B36-4A6C-42D7-88F4-1A81DD778257}"
EndProject
Project("{FAE04EC0-301F-11D3-BF4B-00C04F79EFBC}") = "Implicit.Domain", "Implicit.Domain\Implicit.Domain.csproj", "{06D931FD-CE0E-48EA-999B-50059686EC47}"
EndProject
Global
	GlobalSection(SolutionConfigurationPlatforms) = preSolution
		Debug|Any CPU = Debug|Any CPU
		Release|Any CPU = Release|Any CPU
	EndGlobalSection
	GlobalSection(ProjectConfigurationPlatforms) = postSolution
		{146A9B36-4A6C-42D7-88F4-1A81DD778257}.Debug|Any CPU.ActiveCfg = Debug|Any CPU
		{146A9B36-4A6C-42D7-88F4-1A81DD778257}.Debug|Any CPU.Build.0 = Debug|Any CPU
		{146A9B36-4A6C-42D7-88F4-1A81DD778257}.Release|Any CPU.ActiveCfg = Release|Any CPU
		{146A9B36-4A6C-42D7-88F4-1A81DD778257}.Release|Any CPU.Build.0 = Release|Any CPU
		{06D931FD-CE0E-48EA-999B-50059686EC47}.Debug|Any CPU.ActiveCfg = Debug|Any CPU
		{06D931FD-CE0E-48EA-999B-50059686EC47}.Debug|Any CPU.Build.0 = Debug|Any CPU
		{06D931FD-CE0E-48EA-999B-50059686EC47}.Release|Any CPU.ActiveCfg = Release|Any CPU
		{06D931FD-CE0E-48EA-999B-50059686EC47}.Release|Any CPU.Build.0 = Release|Any CPU
	EndGlobalSection
	GlobalSection(SolutionProperties) = preSolution
		HideSolutionNode = FALSE
	EndGlobalSection
	GlobalSection(ExtensibilityGlobals) = postSolution
		SolutionGuid = {4D889A4B-F445-4A7D-BACB-6AE48310F1AD}
	EndGlobalSection
EndGlobal
